
Microsoft Visual Studio Solution File, Format Version 12.00
# Visual Studio Version 17
VisualStudioVersion = 17.14.36518.9 d17.14
MinimumVisualStudioVersion = 10.0.40219.1
Project("{FAE04EC0-301F-11D3-BF4B-00C04F79EFBC}") = "MaiuAppMinhasCompras", "MaiuAppMinhasCompras\MaiuAppMinhasCompras.csproj", "{B06E6A81-138A-4D1F-B95D-E2238A0B6B81}"
EndProject
Global
	GlobalSection(SolutionConfigurationPlatforms) = preSolution
		Debug|Any CPU = Debug|Any CPU
		Release|Any CPU = Release|Any CPU
	EndGlobalSection
	GlobalSection(ProjectConfigurationPlatforms) = postSolution
		{B06E6A81-138A-4D1F-B95D-E2238A0B6B81}.Debug|Any CPU.ActiveCfg = Debug|Any CPU
		{B06E6A81-138A-4D1F-B95D-E2238A0B6B81}.Debug|Any CPU.Build.0 = Debug|Any CPU
		{B06E6A81-138A-4D1F-B95D-E2238A0B6B81}.Debug|Any CPU.Deploy.0 = Debug|Any CPU
		{B06E6A81-138A-4D1F-B95D-E2238A0B6B81}.Release|Any CPU.ActiveCfg = Release|Any CPU
		{B06E6A81-138A-4D1F-B95D-E2238A0B6B81}.Release|Any CPU.Build.0 = Release|Any CPU
		{B06E6A81-138A-4D1F-B95D-E2238A0B6B81}.Release|Any CPU.Deploy.0 = Release|Any CPU
	EndGlobalSection
	GlobalSection(SolutionProperties) = preSolution
		HideSolutionNode = FALSE
	EndGlobalSection
	GlobalSection(ExtensibilityGlobals) = postSolution
		SolutionGuid = {EA114EB1-D82E-4F13-90D3-5B1565AC9C30}
	EndGlobalSection
EndGlobal
